
Microsoft Visual Studio Solution File, Format Version 12.00
# Visual Studio 15
Project("{FAE04EC0-301F-11D3-BF4B-00C04F79EFBC}") = "GetDescriptionFunction", "GetDescriptionFunction.csproj", "{35F2DA21-B816-480A-8AD1-7E8D75876DE0}"
EndProject
Project("{FAE04EC0-301F-11D3-BF4B-00C04F79EFBC}") = "GetDescriptionFunction.Tests", "..\..\test\GetDescriptionFunction.Tests\GetDescriptionFunction.Tests.csproj", "{1BD7819F-93A0-483C-8CFB-1552F05CC8D3}"
EndProject
Global
	GlobalSection(SolutionConfigurationPlatforms) = preSolution
		Debug|Any CPU = Debug|Any CPU
		Release|Any CPU = Release|Any CPU
	EndGlobalSection
	GlobalSection(ProjectConfigurationPlatforms) = postSolution
		{35F2DA21-B816-480A-8AD1-7E8D75876DE0}.Debug|Any CPU.ActiveCfg = Debug|Any CPU
		{35F2DA21-B816-480A-8AD1-7E8D75876DE0}.Debug|Any CPU.Build.0 = Debug|Any CPU
		{35F2DA21-B816-480A-8AD1-7E8D75876DE0}.Release|Any CPU.ActiveCfg = Release|Any CPU
		{35F2DA21-B816-480A-8AD1-7E8D75876DE0}.Release|Any CPU.Build.0 = Release|Any CPU
		{1BD7819F-93A0-483C-8CFB-1552F05CC8D3}.Debug|Any CPU.ActiveCfg = Debug|Any CPU
		{1BD7819F-93A0-483C-8CFB-1552F05CC8D3}.Debug|Any CPU.Build.0 = Debug|Any CPU
		{1BD7819F-93A0-483C-8CFB-1552F05CC8D3}.Release|Any CPU.ActiveCfg = Release|Any CPU
		{1BD7819F-93A0-483C-8CFB-1552F05CC8D3}.Release|Any CPU.Build.0 = Release|Any CPU
	EndGlobalSection
EndGlobal
